// !$*UTF8*$!
{
	archiveVersion = 1;
	classes = {
	};
	objectVersion = 50;
	objects = {

/* Begin PBXBuildFile section */
		390A33EE243F6A52002E9F57 /* OrderFinishViewController.swift in Sources */ = {isa = PBXBuildFile; fileRef = 390A33ED243F6A52002E9F57 /* OrderFinishViewController.swift */; };
		392F7790242F4BC70000BC3C /* Default-568h@2x.png in Resources */ = {isa = PBXBuildFile; fileRef = 392F778F242F4BC70000BC3C /* Default-568h@2x.png */; };
		39411378243061A500087E1B /* CheckPhotoViewController.swift in Sources */ = {isa = PBXBuildFile; fileRef = 39411377243061A500087E1B /* CheckPhotoViewController.swift */; };
		3958515C242F45E600014CB0 /* Sticker.storyboard in Resources */ = {isa = PBXBuildFile; fileRef = 3958515B242F45E600014CB0 /* Sticker.storyboard */; };
		3958515E242F460000014CB0 /* Filter.storyboard in Resources */ = {isa = PBXBuildFile; fileRef = 3958515D242F460000014CB0 /* Filter.storyboard */; };
		39585160242F461800014CB0 /* Album.storyboard in Resources */ = {isa = PBXBuildFile; fileRef = 3958515F242F461800014CB0 /* Album.storyboard */; };
		39585163242F46D500014CB0 /* Print.storyboard in Resources */ = {isa = PBXBuildFile; fileRef = 39585162242F46D500014CB0 /* Print.storyboard */; };
		39585167242F49EA00014CB0 /* SignIn.storyboard in Resources */ = {isa = PBXBuildFile; fileRef = 39585166242F49EA00014CB0 /* SignIn.storyboard */; };
		39585169242F49F300014CB0 /* SignUp.storyboard in Resources */ = {isa = PBXBuildFile; fileRef = 39585168242F49F300014CB0 /* SignUp.storyboard */; };
		9B0B807024357929009D7B17 /* SavePhotoVC.swift in Sources */ = {isa = PBXBuildFile; fileRef = 9B0B806F24357929009D7B17 /* SavePhotoVC.swift */; };
		9B1807FE243DEE7A00AF1CE6 /* AlbumLayoutVC.swift in Sources */ = {isa = PBXBuildFile; fileRef = 9B1807FD243DEE7A00AF1CE6 /* AlbumLayoutVC.swift */; };
		9B180800243DF53200AF1CE6 /* albumLayoutCollectionCell.swift in Sources */ = {isa = PBXBuildFile; fileRef = 9B1807FF243DF53200AF1CE6 /* albumLayoutCollectionCell.swift */; };
		9B180806243E096000AF1CE6 /* AlbumDetailPopupVC.swift in Sources */ = {isa = PBXBuildFile; fileRef = 9B180805243E096000AF1CE6 /* AlbumDetailPopupVC.swift */; };
		9B180808243E10F300AF1CE6 /* StickerPopupVC.swift in Sources */ = {isa = PBXBuildFile; fileRef = 9B180807243E10F300AF1CE6 /* StickerPopupVC.swift */; };
		9B31E1942434BBB400A139C6 /* photoFilterCollectionCell.swift in Sources */ = {isa = PBXBuildFile; fileRef = 9B31E1932434BBB400A139C6 /* photoFilterCollectionCell.swift */; };
		9B44EDE12429FC9100B0D774 /* ImageRenderVC.swift in Sources */ = {isa = PBXBuildFile; fileRef = 9B44EDE02429FC9100B0D774 /* ImageRenderVC.swift */; };
		9B44EDE52429FCDF00B0D774 /* Extension.swift in Sources */ = {isa = PBXBuildFile; fileRef = 9B44EDE42429FCDF00B0D774 /* Extension.swift */; };
		9B45BD012438734E00497EA5 /* Profile.storyboard in Resources */ = {isa = PBXBuildFile; fileRef = 9B45BD002438734E00497EA5 /* Profile.storyboard */; };
		9B6A134C2440CE9400E78E66 /* AlbumInfoVC.swift in Sources */ = {isa = PBXBuildFile; fileRef = 9B6A134B2440CE9400E78E66 /* AlbumInfoVC.swift */; };
		9B6A134E2440D0C500E78E66 /* MemberTableViewCell.swift in Sources */ = {isa = PBXBuildFile; fileRef = 9B6A134D2440D0C500E78E66 /* MemberTableViewCell.swift */; };
		9BB1C5742441EEBA0035DEBF /* FilterCell.swift in Sources */ = {isa = PBXBuildFile; fileRef = 9BB1C5732441EEBA0035DEBF /* FilterCell.swift */; };
		9BB1C5762441EEC30035DEBF /* FilterViewController.swift in Sources */ = {isa = PBXBuildFile; fileRef = 9BB1C5752441EEC30035DEBF /* FilterViewController.swift */; };
		9BB9B555243D694C00B5150F /* OptionViewController.swift in Sources */ = {isa = PBXBuildFile; fileRef = 9BB9B554243D694C00B5150F /* OptionViewController.swift */; };
		9BBBA3DF243F6848002904AC /* AlbumCoverVC.swift in Sources */ = {isa = PBXBuildFile; fileRef = 9BBBA3DE243F6848002904AC /* AlbumCoverVC.swift */; };
		9BBBA3E1243F690B002904AC /* AlbumCoverCollectionCell.swift in Sources */ = {isa = PBXBuildFile; fileRef = 9BBBA3E0243F690B002904AC /* AlbumCoverCollectionCell.swift */; };
		9BBBA3E3243F6FD5002904AC /* AlbumCompleteVC.swift in Sources */ = {isa = PBXBuildFile; fileRef = 9BBBA3E2243F6FD5002904AC /* AlbumCompleteVC.swift */; };
		9BC0DBB22444788F00CA90F7 /* ProfileVC.swift in Sources */ = {isa = PBXBuildFile; fileRef = 9BC0DBB12444788F00CA90F7 /* ProfileVC.swift */; };
		9BC0DBB4244478A600CA90F7 /* ProfileTableViewCell.swift in Sources */ = {isa = PBXBuildFile; fileRef = 9BC0DBB3244478A600CA90F7 /* ProfileTableViewCell.swift */; };
		9BC0DBB62444802A00CA90F7 /* User.swift in Sources */ = {isa = PBXBuildFile; fileRef = 9BC0DBB52444802A00CA90F7 /* User.swift */; };
		9BC16B1A2435B68F007F106C /* photoStickerCollectionCell.swift in Sources */ = {isa = PBXBuildFile; fileRef = 9BC16B192435B68F007F106C /* photoStickerCollectionCell.swift */; };
		9BD31D37243A05F700D0D719 /* KakaoOpenSDK.framework in Frameworks */ = {isa = PBXBuildFile; fileRef = 9BD31D36243A05F700D0D719 /* KakaoOpenSDK.framework */; };
		9BD31D3A243A0A9100D0D719 /* InviteVC.swift in Sources */ = {isa = PBXBuildFile; fileRef = 9BD31D39243A0A9100D0D719 /* InviteVC.swift */; };
		9BD31D3E243A110600D0D719 /* KakaoLink.framework in Frameworks */ = {isa = PBXBuildFile; fileRef = 9BD31D3D243A110600D0D719 /* KakaoLink.framework */; };
		9BD31D40243A111A00D0D719 /* KakaoMessageTemplate.framework in Frameworks */ = {isa = PBXBuildFile; fileRef = 9BD31D3F243A111A00D0D719 /* KakaoMessageTemplate.framework */; };
		9BD31D42243A11BF00D0D719 /* KakaoCommon.framework in Frameworks */ = {isa = PBXBuildFile; fileRef = 9BD31D41243A11BF00D0D719 /* KakaoCommon.framework */; };
		9BFC148A2441C14500F38AFF /* Protocol.swift in Sources */ = {isa = PBXBuildFile; fileRef = 9BFC14892441C14500F38AFF /* Protocol.swift */; };
		A311E5922438A880005EEC29 /* AlbumPeriodController.swift in Sources */ = {isa = PBXBuildFile; fileRef = A311E5912438A880005EEC29 /* AlbumPeriodController.swift */; };
		A318AC72243E290C00245434 /* TermViewController.swift in Sources */ = {isa = PBXBuildFile; fileRef = A318AC71243E290C00245434 /* TermViewController.swift */; };
		A318AC74243E291D00245434 /* EmailViewController.swift in Sources */ = {isa = PBXBuildFile; fileRef = A318AC73243E291D00245434 /* EmailViewController.swift */; };
		A318AC76243E292600245434 /* PasswordViewController.swift in Sources */ = {isa = PBXBuildFile; fileRef = A318AC75243E292600245434 /* PasswordViewController.swift */; };
		A318AC7A243E2A5B00245434 /* TelephoneAuthenViewController.swift in Sources */ = {isa = PBXBuildFile; fileRef = A318AC79243E2A5B00245434 /* TelephoneAuthenViewController.swift */; };
		A318AC7C243E2A7600245434 /* CompleteViewController.swift in Sources */ = {isa = PBXBuildFile; fileRef = A318AC7B243E2A7600245434 /* CompleteViewController.swift */; };
		A318AC7E243E2F9E00245434 /* TermCell.swift in Sources */ = {isa = PBXBuildFile; fileRef = A318AC7D243E2F9E00245434 /* TermCell.swift */; };
		A31BA4D3243876F0007CA89D /* AlbumNameController.swift in Sources */ = {isa = PBXBuildFile; fileRef = A31BA4D2243876F0007CA89D /* AlbumNameController.swift */; };
		A33376162420CFB3000DC7C4 /* AppDelegate.swift in Sources */ = {isa = PBXBuildFile; fileRef = A33376152420CFB3000DC7C4 /* AppDelegate.swift */; };
		A33376182420CFB3000DC7C4 /* SceneDelegate.swift in Sources */ = {isa = PBXBuildFile; fileRef = A33376172420CFB3000DC7C4 /* SceneDelegate.swift */; };
		A333761A2420CFB3000DC7C4 /* AlbumMainController.swift in Sources */ = {isa = PBXBuildFile; fileRef = A33376192420CFB3000DC7C4 /* AlbumMainController.swift */; };
		A333761D2420CFB3000DC7C4 /* Main.storyboard in Resources */ = {isa = PBXBuildFile; fileRef = A333761B2420CFB3000DC7C4 /* Main.storyboard */; };
		A333761F2420CFB6000DC7C4 /* Assets.xcassets in Resources */ = {isa = PBXBuildFile; fileRef = A333761E2420CFB6000DC7C4 /* Assets.xcassets */; };
		A33376222420CFB6000DC7C4 /* LaunchScreen.storyboard in Resources */ = {isa = PBXBuildFile; fileRef = A33376202420CFB6000DC7C4 /* LaunchScreen.storyboard */; };
		A333762A2420DA36000DC7C4 /* Album.swift in Sources */ = {isa = PBXBuildFile; fileRef = A33376292420DA36000DC7C4 /* Album.swift */; };
		A333762E2420E9D0000DC7C4 /* AlbumQuantityController.swift in Sources */ = {isa = PBXBuildFile; fileRef = A333762D2420E9D0000DC7C4 /* AlbumQuantityController.swift */; };
		A33376302420EA9D000DC7C4 /* AlbumCell.swift in Sources */ = {isa = PBXBuildFile; fileRef = A333762F2420EA9D000DC7C4 /* AlbumCell.swift */; };
		A36DC86F24236386001B3767 /* AlbumDetailController.swift in Sources */ = {isa = PBXBuildFile; fileRef = A36DC86E24236386001B3767 /* AlbumDetailController.swift */; };
		A36DC87124236E45001B3767 /* PhotoCell.swift in Sources */ = {isa = PBXBuildFile; fileRef = A36DC87024236E45001B3767 /* PhotoCell.swift */; };
/* End PBXBuildFile section */

/* Begin PBXFileReference section */
		390A33ED243F6A52002E9F57 /* OrderFinishViewController.swift */ = {isa = PBXFileReference; lastKnownFileType = sourcecode.swift; path = OrderFinishViewController.swift; sourceTree = "<group>"; };
		392F778F242F4BC70000BC3C /* Default-568h@2x.png */ = {isa = PBXFileReference; lastKnownFileType = image.png; path = "Default-568h@2x.png"; sourceTree = "<group>"; };
		39411377243061A500087E1B /* CheckPhotoViewController.swift */ = {isa = PBXFileReference; lastKnownFileType = sourcecode.swift; path = CheckPhotoViewController.swift; sourceTree = "<group>"; };
		3958515B242F45E600014CB0 /* Sticker.storyboard */ = {isa = PBXFileReference; lastKnownFileType = file.storyboard; path = Sticker.storyboard; sourceTree = "<group>"; };
		3958515D242F460000014CB0 /* Filter.storyboard */ = {isa = PBXFileReference; lastKnownFileType = file.storyboard; path = Filter.storyboard; sourceTree = "<group>"; };
		3958515F242F461800014CB0 /* Album.storyboard */ = {isa = PBXFileReference; lastKnownFileType = file.storyboard; path = Album.storyboard; sourceTree = "<group>"; };
		39585162242F46D500014CB0 /* Print.storyboard */ = {isa = PBXFileReference; lastKnownFileType = file.storyboard; path = Print.storyboard; sourceTree = "<group>"; };
		39585166242F49EA00014CB0 /* SignIn.storyboard */ = {isa = PBXFileReference; lastKnownFileType = file.storyboard; path = SignIn.storyboard; sourceTree = "<group>"; };
		39585168242F49F300014CB0 /* SignUp.storyboard */ = {isa = PBXFileReference; lastKnownFileType = file.storyboard; path = SignUp.storyboard; sourceTree = "<group>"; };
		9B0B806F24357929009D7B17 /* SavePhotoVC.swift */ = {isa = PBXFileReference; lastKnownFileType = sourcecode.swift; path = SavePhotoVC.swift; sourceTree = "<group>"; };
		9B142B10242F2475005ABE17 /* LUTFilter.framework */ = {isa = PBXFileReference; lastKnownFileType = wrapper.framework; path = LUTFilter.framework; sourceTree = "<group>"; };
		9B1807FD243DEE7A00AF1CE6 /* AlbumLayoutVC.swift */ = {isa = PBXFileReference; lastKnownFileType = sourcecode.swift; path = AlbumLayoutVC.swift; sourceTree = "<group>"; };
		9B1807FF243DF53200AF1CE6 /* albumLayoutCollectionCell.swift */ = {isa = PBXFileReference; lastKnownFileType = sourcecode.swift; path = albumLayoutCollectionCell.swift; sourceTree = "<group>"; };
		9B180805243E096000AF1CE6 /* AlbumDetailPopupVC.swift */ = {isa = PBXFileReference; lastKnownFileType = sourcecode.swift; path = AlbumDetailPopupVC.swift; sourceTree = "<group>"; };
		9B180807243E10F300AF1CE6 /* StickerPopupVC.swift */ = {isa = PBXFileReference; lastKnownFileType = sourcecode.swift; path = StickerPopupVC.swift; sourceTree = "<group>"; };
		9B31E1932434BBB400A139C6 /* photoFilterCollectionCell.swift */ = {isa = PBXFileReference; lastKnownFileType = sourcecode.swift; path = photoFilterCollectionCell.swift; sourceTree = "<group>"; };
		9B3DC42E244443750035E025 /* neodgm.ttf */ = {isa = PBXFileReference; lastKnownFileType = file; path = neodgm.ttf; sourceTree = "<group>"; };
		9B3DC42F244443760035E025 /* neodgm_code.ttf */ = {isa = PBXFileReference; lastKnownFileType = file; path = neodgm_code.ttf; sourceTree = "<group>"; };
		9B44EDE02429FC9100B0D774 /* ImageRenderVC.swift */ = {isa = PBXFileReference; lastKnownFileType = sourcecode.swift; path = ImageRenderVC.swift; sourceTree = "<group>"; };
		9B44EDE42429FCDF00B0D774 /* Extension.swift */ = {isa = PBXFileReference; lastKnownFileType = sourcecode.swift; path = Extension.swift; sourceTree = "<group>"; };
		9B45BD002438734E00497EA5 /* Profile.storyboard */ = {isa = PBXFileReference; lastKnownFileType = file.storyboard; path = Profile.storyboard; sourceTree = "<group>"; };
		9B6A134B2440CE9400E78E66 /* AlbumInfoVC.swift */ = {isa = PBXFileReference; lastKnownFileType = sourcecode.swift; path = AlbumInfoVC.swift; sourceTree = "<group>"; };
		9B6A134D2440D0C500E78E66 /* MemberTableViewCell.swift */ = {isa = PBXFileReference; lastKnownFileType = sourcecode.swift; path = MemberTableViewCell.swift; sourceTree = "<group>"; };
		9BB1C5732441EEBA0035DEBF /* FilterCell.swift */ = {isa = PBXFileReference; fileEncoding = 4; lastKnownFileType = sourcecode.swift; path = FilterCell.swift; sourceTree = "<group>"; };
		9BB1C5752441EEC30035DEBF /* FilterViewController.swift */ = {isa = PBXFileReference; fileEncoding = 4; lastKnownFileType = sourcecode.swift; path = FilterViewController.swift; sourceTree = "<group>"; };
		9BB9B554243D694C00B5150F /* OptionViewController.swift */ = {isa = PBXFileReference; fileEncoding = 4; lastKnownFileType = sourcecode.swift; path = OptionViewController.swift; sourceTree = "<group>"; };
		9BBBA3DE243F6848002904AC /* AlbumCoverVC.swift */ = {isa = PBXFileReference; lastKnownFileType = sourcecode.swift; path = AlbumCoverVC.swift; sourceTree = "<group>"; };
		9BBBA3E0243F690B002904AC /* AlbumCoverCollectionCell.swift */ = {isa = PBXFileReference; lastKnownFileType = sourcecode.swift; path = AlbumCoverCollectionCell.swift; sourceTree = "<group>"; };
		9BBBA3E2243F6FD5002904AC /* AlbumCompleteVC.swift */ = {isa = PBXFileReference; lastKnownFileType = sourcecode.swift; path = AlbumCompleteVC.swift; sourceTree = "<group>"; };
		9BC0DBB12444788F00CA90F7 /* ProfileVC.swift */ = {isa = PBXFileReference; lastKnownFileType = sourcecode.swift; path = ProfileVC.swift; sourceTree = "<group>"; };
		9BC0DBB3244478A600CA90F7 /* ProfileTableViewCell.swift */ = {isa = PBXFileReference; lastKnownFileType = sourcecode.swift; path = ProfileTableViewCell.swift; sourceTree = "<group>"; };
		9BC0DBB52444802A00CA90F7 /* User.swift */ = {isa = PBXFileReference; lastKnownFileType = sourcecode.swift; path = User.swift; sourceTree = "<group>"; };
		9BC16B192435B68F007F106C /* photoStickerCollectionCell.swift */ = {isa = PBXFileReference; lastKnownFileType = sourcecode.swift; path = photoStickerCollectionCell.swift; sourceTree = "<group>"; };
		9BD31D36243A05F700D0D719 /* KakaoOpenSDK.framework */ = {isa = PBXFileReference; lastKnownFileType = wrapper.framework; path = KakaoOpenSDK.framework; sourceTree = "<group>"; };
		9BD31D38243A08CE00D0D719 /* KakaoOpenSDK-Bridging-Header.h */ = {isa = PBXFileReference; lastKnownFileType = sourcecode.c.h; path = "KakaoOpenSDK-Bridging-Header.h"; sourceTree = "<group>"; };
		9BD31D39243A0A9100D0D719 /* InviteVC.swift */ = {isa = PBXFileReference; lastKnownFileType = sourcecode.swift; path = InviteVC.swift; sourceTree = "<group>"; };
		9BD31D3D243A110600D0D719 /* KakaoLink.framework */ = {isa = PBXFileReference; lastKnownFileType = wrapper.framework; name = KakaoLink.framework; path = "../../../Downloads/KakaoOpenSDK-1/KakaoLink.framework"; sourceTree = "<group>"; };
		9BD31D3F243A111A00D0D719 /* KakaoMessageTemplate.framework */ = {isa = PBXFileReference; lastKnownFileType = wrapper.framework; path = KakaoMessageTemplate.framework; sourceTree = "<group>"; };
		9BD31D41243A11BF00D0D719 /* KakaoCommon.framework */ = {isa = PBXFileReference; lastKnownFileType = wrapper.framework; path = KakaoCommon.framework; sourceTree = "<group>"; };
		9BFC14892441C14500F38AFF /* Protocol.swift */ = {isa = PBXFileReference; lastKnownFileType = sourcecode.swift; path = Protocol.swift; sourceTree = "<group>"; };
		A311E5912438A880005EEC29 /* AlbumPeriodController.swift */ = {isa = PBXFileReference; lastKnownFileType = sourcecode.swift; path = AlbumPeriodController.swift; sourceTree = "<group>"; };
		A318AC71243E290C00245434 /* TermViewController.swift */ = {isa = PBXFileReference; lastKnownFileType = sourcecode.swift; path = TermViewController.swift; sourceTree = "<group>"; };
		A318AC73243E291D00245434 /* EmailViewController.swift */ = {isa = PBXFileReference; lastKnownFileType = sourcecode.swift; path = EmailViewController.swift; sourceTree = "<group>"; };
		A318AC75243E292600245434 /* PasswordViewController.swift */ = {isa = PBXFileReference; lastKnownFileType = sourcecode.swift; path = PasswordViewController.swift; sourceTree = "<group>"; };
		A318AC79243E2A5B00245434 /* TelephoneAuthenViewController.swift */ = {isa = PBXFileReference; lastKnownFileType = sourcecode.swift; path = TelephoneAuthenViewController.swift; sourceTree = "<group>"; };
		A318AC7B243E2A7600245434 /* CompleteViewController.swift */ = {isa = PBXFileReference; lastKnownFileType = sourcecode.swift; path = CompleteViewController.swift; sourceTree = "<group>"; };
		A318AC7D243E2F9E00245434 /* TermCell.swift */ = {isa = PBXFileReference; lastKnownFileType = sourcecode.swift; path = TermCell.swift; sourceTree = "<group>"; };
		A31BA4D2243876F0007CA89D /* AlbumNameController.swift */ = {isa = PBXFileReference; lastKnownFileType = sourcecode.swift; path = AlbumNameController.swift; sourceTree = "<group>"; };
		A33376122420CFB3000DC7C4 /* 90's.app */ = {isa = PBXFileReference; explicitFileType = wrapper.application; includeInIndex = 0; path = "90's.app"; sourceTree = BUILT_PRODUCTS_DIR; };
		A33376152420CFB3000DC7C4 /* AppDelegate.swift */ = {isa = PBXFileReference; lastKnownFileType = sourcecode.swift; path = AppDelegate.swift; sourceTree = "<group>"; };
		A33376172420CFB3000DC7C4 /* SceneDelegate.swift */ = {isa = PBXFileReference; lastKnownFileType = sourcecode.swift; path = SceneDelegate.swift; sourceTree = "<group>"; };
		A33376192420CFB3000DC7C4 /* AlbumMainController.swift */ = {isa = PBXFileReference; lastKnownFileType = sourcecode.swift; path = AlbumMainController.swift; sourceTree = "<group>"; };
		A333761C2420CFB3000DC7C4 /* Base */ = {isa = PBXFileReference; lastKnownFileType = file.storyboard; name = Base; path = Base.lproj/Main.storyboard; sourceTree = "<group>"; };
		A333761E2420CFB6000DC7C4 /* Assets.xcassets */ = {isa = PBXFileReference; lastKnownFileType = folder.assetcatalog; path = Assets.xcassets; sourceTree = "<group>"; };
		A33376212420CFB6000DC7C4 /* Base */ = {isa = PBXFileReference; lastKnownFileType = file.storyboard; name = Base; path = Base.lproj/LaunchScreen.storyboard; sourceTree = "<group>"; };
		A33376232420CFB6000DC7C4 /* Info.plist */ = {isa = PBXFileReference; lastKnownFileType = text.plist.xml; path = Info.plist; sourceTree = "<group>"; };
		A33376292420DA36000DC7C4 /* Album.swift */ = {isa = PBXFileReference; lastKnownFileType = sourcecode.swift; path = Album.swift; sourceTree = "<group>"; };
		A333762D2420E9D0000DC7C4 /* AlbumQuantityController.swift */ = {isa = PBXFileReference; lastKnownFileType = sourcecode.swift; path = AlbumQuantityController.swift; sourceTree = "<group>"; };
		A333762F2420EA9D000DC7C4 /* AlbumCell.swift */ = {isa = PBXFileReference; lastKnownFileType = sourcecode.swift; path = AlbumCell.swift; sourceTree = "<group>"; };
		A36DC86E24236386001B3767 /* AlbumDetailController.swift */ = {isa = PBXFileReference; lastKnownFileType = sourcecode.swift; path = AlbumDetailController.swift; sourceTree = "<group>"; };
		A36DC87024236E45001B3767 /* PhotoCell.swift */ = {isa = PBXFileReference; lastKnownFileType = sourcecode.swift; path = PhotoCell.swift; sourceTree = "<group>"; };
/* End PBXFileReference section */

/* Begin PBXFrameworksBuildPhase section */
		A333760F2420CFB3000DC7C4 /* Frameworks */ = {
			isa = PBXFrameworksBuildPhase;
			buildActionMask = 2147483647;
			files = (
				9BD31D37243A05F700D0D719 /* KakaoOpenSDK.framework in Frameworks */,
				9BD31D42243A11BF00D0D719 /* KakaoCommon.framework in Frameworks */,
				9BD31D40243A111A00D0D719 /* KakaoMessageTemplate.framework in Frameworks */,
				9BD31D3E243A110600D0D719 /* KakaoLink.framework in Frameworks */,
			);
			runOnlyForDeploymentPostprocessing = 0;
		};
/* End PBXFrameworksBuildPhase section */

/* Begin PBXGroup section */
		3958515A242F43DF00014CB0 /* Filter */ = {
			isa = PBXGroup;
			children = (
				9BB1C5752441EEC30035DEBF /* FilterViewController.swift */,
				9BB1C5732441EEBA0035DEBF /* FilterCell.swift */,
				39411377243061A500087E1B /* CheckPhotoViewController.swift */,
				3958515D242F460000014CB0 /* Filter.storyboard */,
			);
			path = Filter;
			sourceTree = "<group>";
		};
		39585161242F46C600014CB0 /* Print */ = {
			isa = PBXGroup;
			children = (
				9BB9B554243D694C00B5150F /* OptionViewController.swift */,
				39585162242F46D500014CB0 /* Print.storyboard */,
				390A33ED243F6A52002E9F57 /* OrderFinishViewController.swift */,
			);
			path = Print;
			sourceTree = "<group>";
		};
		39585164242F49B500014CB0 /* SignIn */ = {
			isa = PBXGroup;
			children = (
				39585166242F49EA00014CB0 /* SignIn.storyboard */,
			);
			path = SignIn;
			sourceTree = "<group>";
		};
		39585165242F49C400014CB0 /* SignUp */ = {
			isa = PBXGroup;
			children = (
				39585168242F49F300014CB0 /* SignUp.storyboard */,
				A318AC71243E290C00245434 /* TermViewController.swift */,
				A318AC73243E291D00245434 /* EmailViewController.swift */,
				A318AC75243E292600245434 /* PasswordViewController.swift */,
				A318AC79243E2A5B00245434 /* TelephoneAuthenViewController.swift */,
				A318AC7B243E2A7600245434 /* CompleteViewController.swift */,
				A318AC7D243E2F9E00245434 /* TermCell.swift */,
			);
			path = SignUp;
			sourceTree = "<group>";
		};
		9B142B04242F2226005ABE17 /* Frameworks */ = {
			isa = PBXGroup;
			children = (
				9BD31D41243A11BF00D0D719 /* KakaoCommon.framework */,
				9BD31D3F243A111A00D0D719 /* KakaoMessageTemplate.framework */,
				9BD31D3D243A110600D0D719 /* KakaoLink.framework */,
				9BD31D36243A05F700D0D719 /* KakaoOpenSDK.framework */,
				9B142B10242F2475005ABE17 /* LUTFilter.framework */,
			);
			name = Frameworks;
			sourceTree = "<group>";
		};
		9B180802243DFCDA00AF1CE6 /* MainAlbum */ = {
			isa = PBXGroup;
			children = (
				A333762F2420EA9D000DC7C4 /* AlbumCell.swift */,
				A33376192420CFB3000DC7C4 /* AlbumMainController.swift */,
			);
			path = MainAlbum;
			sourceTree = "<group>";
		};
		9B3DC4302444437F0035E025 /* Font */ = {
			isa = PBXGroup;
			children = (
				9B3DC42F244443760035E025 /* neodgm_code.ttf */,
				9B3DC42E244443750035E025 /* neodgm.ttf */,
			);
			path = Font;
			sourceTree = "<group>";
		};
		9B44EDDE2429ED9200B0D774 /* Album */ = {
			isa = PBXGroup;
			children = (
				A33376292420DA36000DC7C4 /* Album.swift */,
				9B180802243DFCDA00AF1CE6 /* MainAlbum */,
				9B45BD03243873FC00497EA5 /* DetailAlbum */,
				9B45BD02243873F000497EA5 /* CreateAlbum */,
				3958515F242F461800014CB0 /* Album.storyboard */,
			);
			path = Album;
			sourceTree = "<group>";
		};
		9B44EDDF2429EF1500B0D774 /* Sticker */ = {
			isa = PBXGroup;
			children = (
				3958515B242F45E600014CB0 /* Sticker.storyboard */,
				9B44EDE02429FC9100B0D774 /* ImageRenderVC.swift */,
				9B31E1932434BBB400A139C6 /* photoFilterCollectionCell.swift */,
				9BC16B192435B68F007F106C /* photoStickerCollectionCell.swift */,
				9B0B806F24357929009D7B17 /* SavePhotoVC.swift */,
				9B180807243E10F300AF1CE6 /* StickerPopupVC.swift */,
			);
			path = Sticker;
			sourceTree = "<group>";
		};
		9B45BCFF2438734200497EA5 /* Profile */ = {
			isa = PBXGroup;
			children = (
				9B45BD002438734E00497EA5 /* Profile.storyboard */,
				9BC0DBB12444788F00CA90F7 /* ProfileVC.swift */,
				9BC0DBB3244478A600CA90F7 /* ProfileTableViewCell.swift */,
				9BC0DBB52444802A00CA90F7 /* User.swift */,
			);
			path = Profile;
			sourceTree = "<group>";
		};
		9B45BD02243873F000497EA5 /* CreateAlbum */ = {
			isa = PBXGroup;
			children = (
				A31BA4D2243876F0007CA89D /* AlbumNameController.swift */,
				A311E5912438A880005EEC29 /* AlbumPeriodController.swift */,
				A333762D2420E9D0000DC7C4 /* AlbumQuantityController.swift */,
				9BBBA3DE243F6848002904AC /* AlbumCoverVC.swift */,
				9BBBA3E0243F690B002904AC /* AlbumCoverCollectionCell.swift */,
				9B1807FD243DEE7A00AF1CE6 /* AlbumLayoutVC.swift */,
				9B1807FF243DF53200AF1CE6 /* albumLayoutCollectionCell.swift */,
				9BBBA3E2243F6FD5002904AC /* AlbumCompleteVC.swift */,
			);
			path = CreateAlbum;
			sourceTree = "<group>";
		};
		9B45BD03243873FC00497EA5 /* DetailAlbum */ = {
			isa = PBXGroup;
			children = (
				9B6A134B2440CE9400E78E66 /* AlbumInfoVC.swift */,
				9BD31D39243A0A9100D0D719 /* InviteVC.swift */,
				A36DC87024236E45001B3767 /* PhotoCell.swift */,
				A36DC86E24236386001B3767 /* AlbumDetailController.swift */,
				9B180805243E096000AF1CE6 /* AlbumDetailPopupVC.swift */,
				9B6A134D2440D0C500E78E66 /* MemberTableViewCell.swift */,
			);
			path = DetailAlbum;
			sourceTree = "<group>";
		};
		9B6A13442440933E00E78E66 /* Extension */ = {
			isa = PBXGroup;
			children = (
				9B3DC4302444437F0035E025 /* Font */,
				9B44EDE42429FCDF00B0D774 /* Extension.swift */,
				9BFC14892441C14500F38AFF /* Protocol.swift */,
			);
			path = Extension;
			sourceTree = "<group>";
		};
		A33376092420CFB3000DC7C4 = {
			isa = PBXGroup;
			children = (
				9BD31D38243A08CE00D0D719 /* KakaoOpenSDK-Bridging-Header.h */,
				392F778F242F4BC70000BC3C /* Default-568h@2x.png */,
				A33376142420CFB3000DC7C4 /* 90's */,
				A33376132420CFB3000DC7C4 /* Products */,
				9B142B04242F2226005ABE17 /* Frameworks */,
			);
			sourceTree = "<group>";
		};
		A33376132420CFB3000DC7C4 /* Products */ = {
			isa = PBXGroup;
			children = (
				A33376122420CFB3000DC7C4 /* 90's.app */,
			);
			name = Products;
			sourceTree = "<group>";
		};
		A33376142420CFB3000DC7C4 /* 90's */ = {
			isa = PBXGroup;
			children = (
				9B6A13442440933E00E78E66 /* Extension */,
				9B45BCFF2438734200497EA5 /* Profile */,
				39585165242F49C400014CB0 /* SignUp */,
				39585164242F49B500014CB0 /* SignIn */,
				39585161242F46C600014CB0 /* Print */,
				3958515A242F43DF00014CB0 /* Filter */,
				9B44EDDF2429EF1500B0D774 /* Sticker */,
				9B44EDDE2429ED9200B0D774 /* Album */,
				A33376152420CFB3000DC7C4 /* AppDelegate.swift */,
				A33376172420CFB3000DC7C4 /* SceneDelegate.swift */,
				A333761B2420CFB3000DC7C4 /* Main.storyboard */,
				A333761E2420CFB6000DC7C4 /* Assets.xcassets */,
				A33376202420CFB6000DC7C4 /* LaunchScreen.storyboard */,
				A33376232420CFB6000DC7C4 /* Info.plist */,
			);
			path = "90's";
			sourceTree = "<group>";
		};
/* End PBXGroup section */

/* Begin PBXNativeTarget section */
		A33376112420CFB3000DC7C4 /* 90's */ = {
			isa = PBXNativeTarget;
			buildConfigurationList = A33376262420CFB6000DC7C4 /* Build configuration list for PBXNativeTarget "90's" */;
			buildPhases = (
				A333760E2420CFB3000DC7C4 /* Sources */,
				A333760F2420CFB3000DC7C4 /* Frameworks */,
				A33376102420CFB3000DC7C4 /* Resources */,
			);
			buildRules = (
			);
			dependencies = (
			);
			name = "90's";
			productName = AlbumExample;
			productReference = A33376122420CFB3000DC7C4 /* 90's.app */;
			productType = "com.apple.product-type.application";
		};
/* End PBXNativeTarget section */

/* Begin PBXProject section */
		A333760A2420CFB3000DC7C4 /* Project object */ = {
			isa = PBXProject;
			attributes = {
				LastSwiftUpdateCheck = 1130;
				LastUpgradeCheck = 1130;
				ORGANIZATIONNAME = "홍정민";
				TargetAttributes = {
					A33376112420CFB3000DC7C4 = {
						CreatedOnToolsVersion = 11.3.1;
					};
				};
			};
			buildConfigurationList = A333760D2420CFB3000DC7C4 /* Build configuration list for PBXProject "90's" */;
			compatibilityVersion = "Xcode 9.3";
			developmentRegion = en;
			hasScannedForEncodings = 0;
			knownRegions = (
				en,
				Base,
			);
			mainGroup = A33376092420CFB3000DC7C4;
			productRefGroup = A33376132420CFB3000DC7C4 /* Products */;
			projectDirPath = "";
			projectRoot = "";
			targets = (
				A33376112420CFB3000DC7C4 /* 90's */,
			);
		};
/* End PBXProject section */

/* Begin PBXResourcesBuildPhase section */
		A33376102420CFB3000DC7C4 /* Resources */ = {
			isa = PBXResourcesBuildPhase;
			buildActionMask = 2147483647;
			files = (
				39585167242F49EA00014CB0 /* SignIn.storyboard in Resources */,
				9B45BD012438734E00497EA5 /* Profile.storyboard in Resources */,
				39585163242F46D500014CB0 /* Print.storyboard in Resources */,
				A33376222420CFB6000DC7C4 /* LaunchScreen.storyboard in Resources */,
				392F7790242F4BC70000BC3C /* Default-568h@2x.png in Resources */,
				A333761F2420CFB6000DC7C4 /* Assets.xcassets in Resources */,
				39585160242F461800014CB0 /* Album.storyboard in Resources */,
				3958515E242F460000014CB0 /* Filter.storyboard in Resources */,
				3958515C242F45E600014CB0 /* Sticker.storyboard in Resources */,
				A333761D2420CFB3000DC7C4 /* Main.storyboard in Resources */,
				39585169242F49F300014CB0 /* SignUp.storyboard in Resources */,
			);
			runOnlyForDeploymentPostprocessing = 0;
		};
/* End PBXResourcesBuildPhase section */

/* Begin PBXSourcesBuildPhase section */
		A333760E2420CFB3000DC7C4 /* Sources */ = {
			isa = PBXSourcesBuildPhase;
			buildActionMask = 2147483647;
			files = (
				9B44EDE52429FCDF00B0D774 /* Extension.swift in Sources */,
				A318AC72243E290C00245434 /* TermViewController.swift in Sources */,
				9B180808243E10F300AF1CE6 /* StickerPopupVC.swift in Sources */,
				A333762A2420DA36000DC7C4 /* Album.swift in Sources */,
				A333761A2420CFB3000DC7C4 /* AlbumMainController.swift in Sources */,
				A333762E2420E9D0000DC7C4 /* AlbumQuantityController.swift in Sources */,
				A318AC7A243E2A5B00245434 /* TelephoneAuthenViewController.swift in Sources */,
				A33376162420CFB3000DC7C4 /* AppDelegate.swift in Sources */,
				A311E5922438A880005EEC29 /* AlbumPeriodController.swift in Sources */,
				A33376182420CFB3000DC7C4 /* SceneDelegate.swift in Sources */,
				9B1807FE243DEE7A00AF1CE6 /* AlbumLayoutVC.swift in Sources */,
				9B0B807024357929009D7B17 /* SavePhotoVC.swift in Sources */,
				9B44EDE12429FC9100B0D774 /* ImageRenderVC.swift in Sources */,
				A33376302420EA9D000DC7C4 /* AlbumCell.swift in Sources */,
				9B180800243DF53200AF1CE6 /* albumLayoutCollectionCell.swift in Sources */,
				9BFC148A2441C14500F38AFF /* Protocol.swift in Sources */,
				9B6A134C2440CE9400E78E66 /* AlbumInfoVC.swift in Sources */,
				9BC0DBB62444802A00CA90F7 /* User.swift in Sources */,
				9BD31D3A243A0A9100D0D719 /* InviteVC.swift in Sources */,
				9BBBA3E1243F690B002904AC /* AlbumCoverCollectionCell.swift in Sources */,
				39411378243061A500087E1B /* CheckPhotoViewController.swift in Sources */,
				9BC0DBB22444788F00CA90F7 /* ProfileVC.swift in Sources */,
				9BB1C5742441EEBA0035DEBF /* FilterCell.swift in Sources */,
				9BBBA3E3243F6FD5002904AC /* AlbumCompleteVC.swift in Sources */,
				A36DC86F24236386001B3767 /* AlbumDetailController.swift in Sources */,
				A318AC76243E292600245434 /* PasswordViewController.swift in Sources */,
				9B180806243E096000AF1CE6 /* AlbumDetailPopupVC.swift in Sources */,
				390A33EE243F6A52002E9F57 /* OrderFinishViewController.swift in Sources */,
				9BBBA3DF243F6848002904AC /* AlbumCoverVC.swift in Sources */,
				A318AC74243E291D00245434 /* EmailViewController.swift in Sources */,
				A318AC7C243E2A7600245434 /* CompleteViewController.swift in Sources */,
				A318AC7E243E2F9E00245434 /* TermCell.swift in Sources */,
				9BC16B1A2435B68F007F106C /* photoStickerCollectionCell.swift in Sources */,
				9BC0DBB4244478A600CA90F7 /* ProfileTableViewCell.swift in Sources */,
				9BB1C5762441EEC30035DEBF /* FilterViewController.swift in Sources */,
				9B6A134E2440D0C500E78E66 /* MemberTableViewCell.swift in Sources */,
				9B31E1942434BBB400A139C6 /* photoFilterCollectionCell.swift in Sources */,
				A31BA4D3243876F0007CA89D /* AlbumNameController.swift in Sources */,
				A36DC87124236E45001B3767 /* PhotoCell.swift in Sources */,
				9BB9B555243D694C00B5150F /* OptionViewController.swift in Sources */,
			);
			runOnlyForDeploymentPostprocessing = 0;
		};
/* End PBXSourcesBuildPhase section */

/* Begin PBXVariantGroup section */
		A333761B2420CFB3000DC7C4 /* Main.storyboard */ = {
			isa = PBXVariantGroup;
			children = (
				A333761C2420CFB3000DC7C4 /* Base */,
			);
			name = Main.storyboard;
			sourceTree = "<group>";
		};
		A33376202420CFB6000DC7C4 /* LaunchScreen.storyboard */ = {
			isa = PBXVariantGroup;
			children = (
				A33376212420CFB6000DC7C4 /* Base */,
			);
			name = LaunchScreen.storyboard;
			sourceTree = "<group>";
		};
/* End PBXVariantGroup section */

/* Begin XCBuildConfiguration section */
		A33376242420CFB6000DC7C4 /* Debug */ = {
			isa = XCBuildConfiguration;
			buildSettings = {
				ALWAYS_SEARCH_USER_PATHS = NO;
				CLANG_ANALYZER_NONNULL = YES;
				CLANG_ANALYZER_NUMBER_OBJECT_CONVERSION = YES_AGGRESSIVE;
				CLANG_CXX_LANGUAGE_STANDARD = "gnu++14";
				CLANG_CXX_LIBRARY = "libc++";
				CLANG_ENABLE_MODULES = YES;
				CLANG_ENABLE_OBJC_ARC = YES;
				CLANG_ENABLE_OBJC_WEAK = YES;
				CLANG_WARN_BLOCK_CAPTURE_AUTORELEASING = YES;
				CLANG_WARN_BOOL_CONVERSION = YES;
				CLANG_WARN_COMMA = YES;
				CLANG_WARN_CONSTANT_CONVERSION = YES;
				CLANG_WARN_DEPRECATED_OBJC_IMPLEMENTATIONS = YES;
				CLANG_WARN_DIRECT_OBJC_ISA_USAGE = YES_ERROR;
				CLANG_WARN_DOCUMENTATION_COMMENTS = YES;
				CLANG_WARN_EMPTY_BODY = YES;
				CLANG_WARN_ENUM_CONVERSION = YES;
				CLANG_WARN_INFINITE_RECURSION = YES;
				CLANG_WARN_INT_CONVERSION = YES;
				CLANG_WARN_NON_LITERAL_NULL_CONVERSION = YES;
				CLANG_WARN_OBJC_IMPLICIT_RETAIN_SELF = YES;
				CLANG_WARN_OBJC_LITERAL_CONVERSION = YES;
				CLANG_WARN_OBJC_ROOT_CLASS = YES_ERROR;
				CLANG_WARN_RANGE_LOOP_ANALYSIS = YES;
				CLANG_WARN_STRICT_PROTOTYPES = YES;
				CLANG_WARN_SUSPICIOUS_MOVE = YES;
				CLANG_WARN_UNGUARDED_AVAILABILITY = YES_AGGRESSIVE;
				CLANG_WARN_UNREACHABLE_CODE = YES;
				CLANG_WARN__DUPLICATE_METHOD_MATCH = YES;
				COPY_PHASE_STRIP = NO;
				DEBUG_INFORMATION_FORMAT = dwarf;
				ENABLE_STRICT_OBJC_MSGSEND = YES;
				ENABLE_TESTABILITY = YES;
				GCC_C_LANGUAGE_STANDARD = gnu11;
				GCC_DYNAMIC_NO_PIC = NO;
				GCC_NO_COMMON_BLOCKS = YES;
				GCC_OPTIMIZATION_LEVEL = 0;
				GCC_PREPROCESSOR_DEFINITIONS = (
					"DEBUG=1",
					"$(inherited)",
				);
				GCC_WARN_64_TO_32_BIT_CONVERSION = YES;
				GCC_WARN_ABOUT_RETURN_TYPE = YES_ERROR;
				GCC_WARN_UNDECLARED_SELECTOR = YES;
				GCC_WARN_UNINITIALIZED_AUTOS = YES_AGGRESSIVE;
				GCC_WARN_UNUSED_FUNCTION = YES;
				GCC_WARN_UNUSED_VARIABLE = YES;
				IPHONEOS_DEPLOYMENT_TARGET = 13.2;
				MTL_ENABLE_DEBUG_INFO = INCLUDE_SOURCE;
				MTL_FAST_MATH = YES;
				ONLY_ACTIVE_ARCH = YES;
				SDKROOT = iphoneos;
				SWIFT_ACTIVE_COMPILATION_CONDITIONS = DEBUG;
				SWIFT_OPTIMIZATION_LEVEL = "-Onone";
			};
			name = Debug;
		};
		A33376252420CFB6000DC7C4 /* Release */ = {
			isa = XCBuildConfiguration;
			buildSettings = {
				ALWAYS_SEARCH_USER_PATHS = NO;
				CLANG_ANALYZER_NONNULL = YES;
				CLANG_ANALYZER_NUMBER_OBJECT_CONVERSION = YES_AGGRESSIVE;
				CLANG_CXX_LANGUAGE_STANDARD = "gnu++14";
				CLANG_CXX_LIBRARY = "libc++";
				CLANG_ENABLE_MODULES = YES;
				CLANG_ENABLE_OBJC_ARC = YES;
				CLANG_ENABLE_OBJC_WEAK = YES;
				CLANG_WARN_BLOCK_CAPTURE_AUTORELEASING = YES;
				CLANG_WARN_BOOL_CONVERSION = YES;
				CLANG_WARN_COMMA = YES;
				CLANG_WARN_CONSTANT_CONVERSION = YES;
				CLANG_WARN_DEPRECATED_OBJC_IMPLEMENTATIONS = YES;
				CLANG_WARN_DIRECT_OBJC_ISA_USAGE = YES_ERROR;
				CLANG_WARN_DOCUMENTATION_COMMENTS = YES;
				CLANG_WARN_EMPTY_BODY = YES;
				CLANG_WARN_ENUM_CONVERSION = YES;
				CLANG_WARN_INFINITE_RECURSION = YES;
				CLANG_WARN_INT_CONVERSION = YES;
				CLANG_WARN_NON_LITERAL_NULL_CONVERSION = YES;
				CLANG_WARN_OBJC_IMPLICIT_RETAIN_SELF = YES;
				CLANG_WARN_OBJC_LITERAL_CONVERSION = YES;
				CLANG_WARN_OBJC_ROOT_CLASS = YES_ERROR;
				CLANG_WARN_RANGE_LOOP_ANALYSIS = YES;
				CLANG_WARN_STRICT_PROTOTYPES = YES;
				CLANG_WARN_SUSPICIOUS_MOVE = YES;
				CLANG_WARN_UNGUARDED_AVAILABILITY = YES_AGGRESSIVE;
				CLANG_WARN_UNREACHABLE_CODE = YES;
				CLANG_WARN__DUPLICATE_METHOD_MATCH = YES;
				COPY_PHASE_STRIP = NO;
				DEBUG_INFORMATION_FORMAT = "dwarf-with-dsym";
				ENABLE_NS_ASSERTIONS = NO;
				ENABLE_STRICT_OBJC_MSGSEND = YES;
				GCC_C_LANGUAGE_STANDARD = gnu11;
				GCC_NO_COMMON_BLOCKS = YES;
				GCC_WARN_64_TO_32_BIT_CONVERSION = YES;
				GCC_WARN_ABOUT_RETURN_TYPE = YES_ERROR;
				GCC_WARN_UNDECLARED_SELECTOR = YES;
				GCC_WARN_UNINITIALIZED_AUTOS = YES_AGGRESSIVE;
				GCC_WARN_UNUSED_FUNCTION = YES;
				GCC_WARN_UNUSED_VARIABLE = YES;
				IPHONEOS_DEPLOYMENT_TARGET = 13.2;
				MTL_ENABLE_DEBUG_INFO = NO;
				MTL_FAST_MATH = YES;
				SDKROOT = iphoneos;
				SWIFT_COMPILATION_MODE = wholemodule;
				SWIFT_OPTIMIZATION_LEVEL = "-O";
				VALIDATE_PRODUCT = YES;
			};
			name = Release;
		};
		A33376272420CFB6000DC7C4 /* Debug */ = {
			isa = XCBuildConfiguration;
			buildSettings = {
				ASSETCATALOG_COMPILER_APPICON_NAME = AppIcon;
				CODE_SIGN_STYLE = Automatic;
				DEVELOPMENT_TEAM = C7X33ZVY6P;
				FRAMEWORK_SEARCH_PATHS = (
					"$(inherited)",
					"$(PROJECT_DIR)",
				);
				INFOPLIST_FILE = "90's/Info.plist";
				LD_RUNPATH_SEARCH_PATHS = (
					"$(inherited)",
					"@executable_path/Frameworks",
				);
				LIBRARY_SEARCH_PATHS = (
					"$(inherited)",
					"$(PROJECT_DIR)",
				);
				OTHER_LDFLAGS = "-all_load";
				PRODUCT_BUNDLE_IDENTIFIER = "yappiOS2.90-s";
				PRODUCT_NAME = "$(TARGET_NAME)";
				SWIFT_OBJC_BRIDGING_HEADER = "KakaoOpenSDK-Bridging-Header.h";
				SWIFT_VERSION = 5.0;
				TARGETED_DEVICE_FAMILY = "1,2";
			};
			name = Debug;
		};
		A33376282420CFB6000DC7C4 /* Release */ = {
			isa = XCBuildConfiguration;
			buildSettings = {
				ASSETCATALOG_COMPILER_APPICON_NAME = AppIcon;
				CODE_SIGN_STYLE = Automatic;
				DEVELOPMENT_TEAM = C7X33ZVY6P;
				FRAMEWORK_SEARCH_PATHS = (
					"$(inherited)",
					"$(PROJECT_DIR)",
				);
				INFOPLIST_FILE = "90's/Info.plist";
				LD_RUNPATH_SEARCH_PATHS = (
					"$(inherited)",
					"@executable_path/Frameworks",
				);
				LIBRARY_SEARCH_PATHS = (
					"$(inherited)",
					"$(PROJECT_DIR)",
				);
				OTHER_LDFLAGS = "-all_load";
				PRODUCT_BUNDLE_IDENTIFIER = "yappiOS2.90-s";
				PRODUCT_NAME = "$(TARGET_NAME)";
				SWIFT_OBJC_BRIDGING_HEADER = "KakaoOpenSDK-Bridging-Header.h";
				SWIFT_VERSION = 5.0;
				TARGETED_DEVICE_FAMILY = "1,2";
			};
			name = Release;
		};
/* End XCBuildConfiguration section */

/* Begin XCConfigurationList section */
		A333760D2420CFB3000DC7C4 /* Build configuration list for PBXProject "90's" */ = {
			isa = XCConfigurationList;
			buildConfigurations = (
				A33376242420CFB6000DC7C4 /* Debug */,
				A33376252420CFB6000DC7C4 /* Release */,
			);
			defaultConfigurationIsVisible = 0;
			defaultConfigurationName = Release;
		};
		A33376262420CFB6000DC7C4 /* Build configuration list for PBXNativeTarget "90's" */ = {
			isa = XCConfigurationList;
			buildConfigurations = (
				A33376272420CFB6000DC7C4 /* Debug */,
				A33376282420CFB6000DC7C4 /* Release */,
			);
			defaultConfigurationIsVisible = 0;
			defaultConfigurationName = Release;
		};
/* End XCConfigurationList section */
	};
	rootObject = A333760A2420CFB3000DC7C4 /* Project object */;
}
